
Microsoft Visual Studio Solution File, Format Version 12.00
# Visual Studio Version 16
VisualStudioVersion = 16.0.29424.173
MinimumVisualStudioVersion = 10.0.40219.1
Project("{FAE04EC0-301F-11D3-BF4B-00C04F79EFBC}") = "TransferChargesCalculator", "TransferChargesCalculator\TransferChargesCalculator.csproj", "{3A378FB3-67C4-4B3F-81E2-EDD823F25BA4}"
EndProject
Global
	GlobalSection(SolutionConfigurationPlatforms) = preSolution
		Debug|Any CPU = Debug|Any CPU
		Release|Any CPU = Release|Any CPU
	EndGlobalSection
	GlobalSection(ProjectConfigurationPlatforms) = postSolution
		{3A378FB3-67C4-4B3F-81E2-EDD823F25BA4}.Debug|Any CPU.ActiveCfg = Debug|Any CPU
		{3A378FB3-67C4-4B3F-81E2-EDD823F25BA4}.Debug|Any CPU.Build.0 = Debug|Any CPU
		{3A378FB3-67C4-4B3F-81E2-EDD823F25BA4}.Release|Any CPU.ActiveCfg = Release|Any CPU
		{3A378FB3-67C4-4B3F-81E2-EDD823F25BA4}.Release|Any CPU.Build.0 = Release|Any CPU
	EndGlobalSection
	GlobalSection(SolutionProperties) = preSolution
		HideSolutionNode = FALSE
	EndGlobalSection
	GlobalSection(ExtensibilityGlobals) = postSolution
		SolutionGuid = {E3B4CA7C-91E1-4DE9-88C5-2E2C5B7A1902}
	EndGlobalSection
EndGlobal
